
Microsoft Visual Studio Solution File, Format Version 12.00
# Visual Studio Version 16
VisualStudioVersion = 16.0.29411.138
MinimumVisualStudioVersion = 10.0.40219.1
Project("{2150E333-8FDC-42A3-9474-1A3956D46DE8}") = "Client", "Client", "{CDF5BE2C-4959-4C6B-B820-F6A45B1BFB26}"
EndProject
Project("{2150E333-8FDC-42A3-9474-1A3956D46DE8}") = "Api", "Api", "{48AE8948-7F38-48F0-BD33-AD3CA031FB98}"
EndProject
Project("{2150E333-8FDC-42A3-9474-1A3956D46DE8}") = "Service", "Service", "{6A58B404-F622-4D7F-8605-CF8D7E274FDA}"
EndProject
Project("{2150E333-8FDC-42A3-9474-1A3956D46DE8}") = "Persistence", "Persistence", "{C5CCE5A8-B682-4AF7-8392-E41A9F9F815B}"
EndProject
Project("{2150E333-8FDC-42A3-9474-1A3956D46DE8}") = "Model", "Model", "{87DFAB7C-B4CA-4D7A-B3FF-409FB824D010}"
EndProject
Project("{FAE04EC0-301F-11D3-BF4B-00C04F79EFBC}") = "INDIMIN.Client", "src\INDIMIN.Client\INDIMIN.Client.csproj", "{8819470E-6FB1-4D57-9271-2210A0CF30EC}"
EndProject
Project("{FAE04EC0-301F-11D3-BF4B-00C04F79EFBC}") = "Core.Api", "src\Core.Api\Core.Api.csproj", "{8B55190D-AC7E-4F8B-99BA-B559F3165DC0}"
EndProject
Project("{FAE04EC0-301F-11D3-BF4B-00C04F79EFBC}") = "INDIMIN.Model", "src\INDIMIN.Model\INDIMIN.Model.csproj", "{9409389C-F24C-41D3-95EC-3730FF4FD9FB}"
EndProject
Project("{FAE04EC0-301F-11D3-BF4B-00C04F79EFBC}") = "Persistence.Database", "src\Persistence.Database\Persistence.Database.csproj", "{2F2E9A0F-13A7-4EA7-AEE2-9C379CAC592C}"
EndProject
Project("{FAE04EC0-301F-11D3-BF4B-00C04F79EFBC}") = "INDIMIN.Service", "src\INDIMIN.Service\INDIMIN.Service.csproj", "{00CF2356-0E40-4291-9501-0EB0FBC1CA5C}"
EndProject
Project("{FAE04EC0-301F-11D3-BF4B-00C04F79EFBC}") = "INDIMIN.Model.DTOs", "src\INDIMIN.Model.DTOs\INDIMIN.Model.DTOs.csproj", "{110F792A-EAD9-4556-AA3E-A7D3CD9FC70D}"
EndProject
Global
	GlobalSection(SolutionConfigurationPlatforms) = preSolution
		Debug|Any CPU = Debug|Any CPU
		Release|Any CPU = Release|Any CPU
	EndGlobalSection
	GlobalSection(ProjectConfigurationPlatforms) = postSolution
		{8819470E-6FB1-4D57-9271-2210A0CF30EC}.Debug|Any CPU.ActiveCfg = Debug|Any CPU
		{8819470E-6FB1-4D57-9271-2210A0CF30EC}.Debug|Any CPU.Build.0 = Debug|Any CPU
		{8819470E-6FB1-4D57-9271-2210A0CF30EC}.Release|Any CPU.ActiveCfg = Release|Any CPU
		{8819470E-6FB1-4D57-9271-2210A0CF30EC}.Release|Any CPU.Build.0 = Release|Any CPU
		{8B55190D-AC7E-4F8B-99BA-B559F3165DC0}.Debug|Any CPU.ActiveCfg = Debug|Any CPU
		{8B55190D-AC7E-4F8B-99BA-B559F3165DC0}.Debug|Any CPU.Build.0 = Debug|Any CPU
		{8B55190D-AC7E-4F8B-99BA-B559F3165DC0}.Release|Any CPU.ActiveCfg = Release|Any CPU
		{8B55190D-AC7E-4F8B-99BA-B559F3165DC0}.Release|Any CPU.Build.0 = Release|Any CPU
		{9409389C-F24C-41D3-95EC-3730FF4FD9FB}.Debug|Any CPU.ActiveCfg = Debug|Any CPU
		{9409389C-F24C-41D3-95EC-3730FF4FD9FB}.Debug|Any CPU.Build.0 = Debug|Any CPU
		{9409389C-F24C-41D3-95EC-3730FF4FD9FB}.Release|Any CPU.ActiveCfg = Release|Any CPU
		{9409389C-F24C-41D3-95EC-3730FF4FD9FB}.Release|Any CPU.Build.0 = Release|Any CPU
		{2F2E9A0F-13A7-4EA7-AEE2-9C379CAC592C}.Debug|Any CPU.ActiveCfg = Debug|Any CPU
		{2F2E9A0F-13A7-4EA7-AEE2-9C379CAC592C}.Debug|Any CPU.Build.0 = Debug|Any CPU
		{2F2E9A0F-13A7-4EA7-AEE2-9C379CAC592C}.Release|Any CPU.ActiveCfg = Release|Any CPU
		{2F2E9A0F-13A7-4EA7-AEE2-9C379CAC592C}.Release|Any CPU.Build.0 = Release|Any CPU
		{00CF2356-0E40-4291-9501-0EB0FBC1CA5C}.Debug|Any CPU.ActiveCfg = Debug|Any CPU
		{00CF2356-0E40-4291-9501-0EB0FBC1CA5C}.Debug|Any CPU.Build.0 = Debug|Any CPU
		{00CF2356-0E40-4291-9501-0EB0FBC1CA5C}.Release|Any CPU.ActiveCfg = Release|Any CPU
		{00CF2356-0E40-4291-9501-0EB0FBC1CA5C}.Release|Any CPU.Build.0 = Release|Any CPU
		{110F792A-EAD9-4556-AA3E-A7D3CD9FC70D}.Debug|Any CPU.ActiveCfg = Debug|Any CPU
		{110F792A-EAD9-4556-AA3E-A7D3CD9FC70D}.Debug|Any CPU.Build.0 = Debug|Any CPU
		{110F792A-EAD9-4556-AA3E-A7D3CD9FC70D}.Release|Any CPU.ActiveCfg = Release|Any CPU
		{110F792A-EAD9-4556-AA3E-A7D3CD9FC70D}.Release|Any CPU.Build.0 = Release|Any CPU
	EndGlobalSection
	GlobalSection(SolutionProperties) = preSolution
		HideSolutionNode = FALSE
	EndGlobalSection
	GlobalSection(NestedProjects) = preSolution
		{8819470E-6FB1-4D57-9271-2210A0CF30EC} = {CDF5BE2C-4959-4C6B-B820-F6A45B1BFB26}
		{8B55190D-AC7E-4F8B-99BA-B559F3165DC0} = {48AE8948-7F38-48F0-BD33-AD3CA031FB98}
		{9409389C-F24C-41D3-95EC-3730FF4FD9FB} = {87DFAB7C-B4CA-4D7A-B3FF-409FB824D010}
		{2F2E9A0F-13A7-4EA7-AEE2-9C379CAC592C} = {C5CCE5A8-B682-4AF7-8392-E41A9F9F815B}
		{00CF2356-0E40-4291-9501-0EB0FBC1CA5C} = {6A58B404-F622-4D7F-8605-CF8D7E274FDA}
		{110F792A-EAD9-4556-AA3E-A7D3CD9FC70D} = {87DFAB7C-B4CA-4D7A-B3FF-409FB824D010}
	EndGlobalSection
	GlobalSection(ExtensibilityGlobals) = postSolution
		SolutionGuid = {46A6DCF8-557D-45FC-9507-1FE467B72B0F}
	EndGlobalSection
EndGlobal
